
Microsoft Visual Studio Solution File, Format Version 12.00
# Visual Studio Version 16
VisualStudioVersion = 16.0.30002.166
MinimumVisualStudioVersion = 10.0.40219.1
Project("{FAE04EC0-301F-11D3-BF4B-00C04F79EFBC}") = "AIGraphics", "AIGraphics\AIGraphics.csproj", "{535A64F6-5478-4F5E-8B99-9CD6AC4D4A97}"
EndProject
Project("{2150E333-8FDC-42A3-9474-1A3956D46DE8}") = "Solution Items", "Solution Items", "{A707771D-D402-406D-8B19-87C96E5922C8}"
	ProjectSection(SolutionItems) = preProject
		.editorconfig = .editorconfig
	EndProjectSection
EndProject
Project("{D954291E-2A0B-460D-934E-DC6B0785DB48}") = "Shared", "Shared\Shared.shproj", "{732E22FD-82A6-47E9-B18E-AFF3EDE653ED}"
EndProject
Project("{FAE04EC0-301F-11D3-BF4B-00C04F79EFBC}") = "HS2Graphics", "HS2Graphics\HS2Graphics.csproj", "{04B05781-2D6A-4804-969B-D2BE6A4639AD}"
EndProject
Global
	GlobalSection(SharedMSBuildProjectFiles) = preSolution
		Shared\Shared.projitems*{04b05781-2d6a-4804-969b-d2be6a4639ad}*SharedItemsImports = 4
		Shared\Shared.projitems*{535a64f6-5478-4f5e-8b99-9cd6ac4d4a97}*SharedItemsImports = 4
		Shared\Shared.projitems*{732e22fd-82a6-47e9-b18e-aff3ede653ed}*SharedItemsImports = 13
	EndGlobalSection
	GlobalSection(SolutionConfigurationPlatforms) = preSolution
		Debug|Any CPU = Debug|Any CPU
		Release|Any CPU = Release|Any CPU
	EndGlobalSection
	GlobalSection(ProjectConfigurationPlatforms) = postSolution
		{535A64F6-5478-4F5E-8B99-9CD6AC4D4A97}.Debug|Any CPU.ActiveCfg = Debug|Any CPU
		{535A64F6-5478-4F5E-8B99-9CD6AC4D4A97}.Debug|Any CPU.Build.0 = Debug|Any CPU
		{535A64F6-5478-4F5E-8B99-9CD6AC4D4A97}.Release|Any CPU.ActiveCfg = Release|Any CPU
		{535A64F6-5478-4F5E-8B99-9CD6AC4D4A97}.Release|Any CPU.Build.0 = Release|Any CPU
		{04B05781-2D6A-4804-969B-D2BE6A4639AD}.Debug|Any CPU.ActiveCfg = Debug|Any CPU
		{04B05781-2D6A-4804-969B-D2BE6A4639AD}.Debug|Any CPU.Build.0 = Debug|Any CPU
		{04B05781-2D6A-4804-969B-D2BE6A4639AD}.Release|Any CPU.ActiveCfg = Release|Any CPU
		{04B05781-2D6A-4804-969B-D2BE6A4639AD}.Release|Any CPU.Build.0 = Release|Any CPU
	EndGlobalSection
	GlobalSection(SolutionProperties) = preSolution
		HideSolutionNode = FALSE
	EndGlobalSection
	GlobalSection(ExtensibilityGlobals) = postSolution
		SolutionGuid = {216071F6-66C8-4340-87FE-ECC7C7B4E7DC}
	EndGlobalSection
EndGlobal
