
Microsoft Visual Studio Solution File, Format Version 12.00
# Visual Studio 15
VisualStudioVersion = 15.0.28307.960
MinimumVisualStudioVersion = 10.0.40219.1
Project("{FAE04EC0-301F-11D3-BF4B-00C04F79EFBC}") = "AIGraphics", "AI_Graphics\AIGraphics.csproj", "{535A64F6-5478-4F5E-8B99-9CD6AC4D4A97}"
EndProject
Global
	GlobalSection(SolutionConfigurationPlatforms) = preSolution
		Debug|Any CPU = Debug|Any CPU
		Release|Any CPU = Release|Any CPU
	EndGlobalSection
	GlobalSection(ProjectConfigurationPlatforms) = postSolution
		{535A64F6-5478-4F5E-8B99-9CD6AC4D4A97}.Debug|Any CPU.ActiveCfg = Debug|Any CPU
		{535A64F6-5478-4F5E-8B99-9CD6AC4D4A97}.Debug|Any CPU.Build.0 = Debug|Any CPU
		{535A64F6-5478-4F5E-8B99-9CD6AC4D4A97}.Release|Any CPU.ActiveCfg = Release|Any CPU
		{535A64F6-5478-4F5E-8B99-9CD6AC4D4A97}.Release|Any CPU.Build.0 = Release|Any CPU
	EndGlobalSection
	GlobalSection(SolutionProperties) = preSolution
		HideSolutionNode = FALSE
	EndGlobalSection
	GlobalSection(ExtensibilityGlobals) = postSolution
		SolutionGuid = {216071F6-66C8-4340-87FE-ECC7C7B4E7DC}
	EndGlobalSection
EndGlobal
